<?xml version="1.0" encoding="utf-8"?>
<Project ToolsVersion="4.0" xmlns="http://schemas.microsoft.com/developer/msbuild/2003">
  <ItemGroup>
    <CudaCompile Include="main.cu" />
    <CudaCompile Include="adding\MatrixAdderComponent.cu" />
    <CudaCompile Include="transposing\MatrixTransposerComponent.cu" />
    <CudaCompile Include="multiplying\MatrixMultiplierComponent.cu" />
    <CudaCompile Include="inverse\MatrixInverserComponent.cu" />
  </ItemGroup>
  <ItemGroup>
    <Filter Include="include">
      <UniqueIdentifier>{9473d46d-3421-46f3-81c0-aa9cb7389ca8}</UniqueIdentifier>
    </Filter>
    <Filter Include="src">
      <UniqueIdentifier>{28f87ff2-89f5-41fc-9bad-787c1a7fe13c}</UniqueIdentifier>
    </Filter>
  </ItemGroup>
  <ItemGroup>
    <ClInclude Include="userInterface.hpp">
      <Filter>include</Filter>
    </ClInclude>
    <ClInclude Include="cudaStatus.hpp">
      <Filter>include</Filter>
    </ClInclude>
    <ClInclude Include="utils\matrix\Matrix.hpp" />
    <ClInclude Include="utils\IOManager\MatrixIOManager.hpp" />
    <ClInclude Include="adding\MatrixAdderComponent.h" />
    <ClInclude Include="transposing\MatrixTransposerComponent.h" />
    <ClInclude Include="multiplying\MatrixMultiplierComponent.h" />
    <ClInclude Include="inverse\MatrixInverserComponent.h" />
    <ClInclude Include="utils\matrix\MatrixUtils.h" />
    <ClInclude Include="Tester.h" />
  </ItemGroup>
  <ItemGroup>
    <ClCompile Include="userInterface.cpp">
      <Filter>src</Filter>
    </ClCompile>
    <ClCompile Include="utils\matrix\Matrix.cpp" />
    <ClCompile Include="utils\IOManager\MatrixIOManager.cpp" />
    <ClCompile Include="utils\matrix\MatrixUtils.cpp" />
    <ClCompile Include="Tester.cpp" />
  </ItemGroup>
</Project>